
Microsoft Visual Studio Solution File, Format Version 12.00
# Visual Studio Version 16
VisualStudioVersion = 16.0.31205.134
MinimumVisualStudioVersion = 10.0.40219.1
Project("{FAE04EC0-301F-11D3-BF4B-00C04F79EFBC}") = "ElectronicQueueServer", "ElectronicQueueServer\ElectronicQueueServer.csproj", "{6427D2E8-AB73-4EE3-9376-4D8D6398CAED}"
EndProject
Global
	GlobalSection(SolutionConfigurationPlatforms) = preSolution
		Debug|Any CPU = Debug|Any CPU
		Release|Any CPU = Release|Any CPU
	EndGlobalSection
	GlobalSection(ProjectConfigurationPlatforms) = postSolution
		{6427D2E8-AB73-4EE3-9376-4D8D6398CAED}.Debug|Any CPU.ActiveCfg = Debug|Any CPU
		{6427D2E8-AB73-4EE3-9376-4D8D6398CAED}.Debug|Any CPU.Build.0 = Debug|Any CPU
		{6427D2E8-AB73-4EE3-9376-4D8D6398CAED}.Release|Any CPU.ActiveCfg = Release|Any CPU
		{6427D2E8-AB73-4EE3-9376-4D8D6398CAED}.Release|Any CPU.Build.0 = Release|Any CPU
	EndGlobalSection
	GlobalSection(SolutionProperties) = preSolution
		HideSolutionNode = FALSE
	EndGlobalSection
	GlobalSection(ExtensibilityGlobals) = postSolution
		SolutionGuid = {DCD465FC-5EEA-4230-B39A-670B40AAFD0E}
	EndGlobalSection
EndGlobal
